
Microsoft Visual Studio Solution File, Format Version 12.00
# Visual Studio 15
VisualStudioVersion = 15.0.26730.12
MinimumVisualStudioVersion = 10.0.40219.1
Project("{FAE04EC0-301F-11D3-BF4B-00C04F79EFBC}") = "fluffy-waffle", "fluffy-waffle\fluffy-waffle.csproj", "{9DEC75BA-F097-45D9-9345-4B8DC0524DE9}"
EndProject
Project("{FAE04EC0-301F-11D3-BF4B-00C04F79EFBC}") = "fluffy-waffle-core", "fluffy-waffle-core\fluffy-waffle-core.csproj", "{9845394E-A768-4507-ADF1-74DCA525D3C1}"
EndProject
Project("{FAE04EC0-301F-11D3-BF4B-00C04F79EFBC}") = "fluffy-waffle-coreTests", "fluffy-waffle-coreTests\fluffy-waffle-coreTests.csproj", "{2E915744-CCC0-4DF7-9F7C-E45B2DEBD394}"
EndProject
Global
	GlobalSection(SolutionConfigurationPlatforms) = preSolution
		Debug|Any CPU = Debug|Any CPU
		Release|Any CPU = Release|Any CPU
	EndGlobalSection
	GlobalSection(ProjectConfigurationPlatforms) = postSolution
		{9DEC75BA-F097-45D9-9345-4B8DC0524DE9}.Debug|Any CPU.ActiveCfg = Debug|Any CPU
		{9DEC75BA-F097-45D9-9345-4B8DC0524DE9}.Debug|Any CPU.Build.0 = Debug|Any CPU
		{9DEC75BA-F097-45D9-9345-4B8DC0524DE9}.Release|Any CPU.ActiveCfg = Release|Any CPU
		{9DEC75BA-F097-45D9-9345-4B8DC0524DE9}.Release|Any CPU.Build.0 = Release|Any CPU
		{9845394E-A768-4507-ADF1-74DCA525D3C1}.Debug|Any CPU.ActiveCfg = Debug|Any CPU
		{9845394E-A768-4507-ADF1-74DCA525D3C1}.Debug|Any CPU.Build.0 = Debug|Any CPU
		{9845394E-A768-4507-ADF1-74DCA525D3C1}.Release|Any CPU.ActiveCfg = Release|Any CPU
		{9845394E-A768-4507-ADF1-74DCA525D3C1}.Release|Any CPU.Build.0 = Release|Any CPU
		{2E915744-CCC0-4DF7-9F7C-E45B2DEBD394}.Debug|Any CPU.ActiveCfg = Debug|Any CPU
		{2E915744-CCC0-4DF7-9F7C-E45B2DEBD394}.Debug|Any CPU.Build.0 = Debug|Any CPU
		{2E915744-CCC0-4DF7-9F7C-E45B2DEBD394}.Release|Any CPU.ActiveCfg = Release|Any CPU
		{2E915744-CCC0-4DF7-9F7C-E45B2DEBD394}.Release|Any CPU.Build.0 = Release|Any CPU
	EndGlobalSection
	GlobalSection(SolutionProperties) = preSolution
		HideSolutionNode = FALSE
	EndGlobalSection
	GlobalSection(ExtensibilityGlobals) = postSolution
		SolutionGuid = {E37F6C59-89EB-4DCC-90F2-C4F5A915E5CB}
	EndGlobalSection
EndGlobal
